
Microsoft Visual Studio Solution File, Format Version 12.00
# Visual Studio Version 16
VisualStudioVersion = 16.0.30611.23
MinimumVisualStudioVersion = 15.0.26124.0
Project("{FAE04EC0-301F-11D3-BF4B-00C04F79EFBC}") = "Prilozhenie_5.Objects", "Objects/Prilozhenie_5.Objects.csproj", "596a48c8-6c66-41d3-a4d1-485b04d6d995"
EndProject
Project("{FAE04EC0-301F-11D3-BF4B-00C04F79EFBC}") = "Prilozhenie_5.Tests", "Tests/Prilozhenie_5.Tests.csproj", "583efca7-03b9-4c0b-a5ed-a45929e75065"
EndProject
Project("{FAE04EC0-301F-11D3-BF4B-00C04F79EFBC}") = "Prilozhenie_5.IntegrationTests", "IntegrationTests/Prilozhenie_5.IntegrationTests.csproj", "36e5f32a-c203-4c7a-85f7-d8910077ea09"
EndProject
Global
	GlobalSection(SolutionConfigurationPlatforms) = preSolution
Debug|Any CPU = Debug|Any CPU
Release|Any CPU = Release|Any CPU
	EndGlobalSection
	GlobalSection(ProjectConfigurationPlatforms) = postSolution
		596a48c8-6c66-41d3-a4d1-485b04d6d995.Debug|Any CPU.ActiveCfg = Debug|Any CPU
		596a48c8-6c66-41d3-a4d1-485b04d6d995.Debug|Any CPU.Build.0 = Debug|Any CPU
		596a48c8-6c66-41d3-a4d1-485b04d6d995.Release|Any CPU.ActiveCfg = Release|Any CPU
		596a48c8-6c66-41d3-a4d1-485b04d6d995.Release|Any CPU.Build.0 = Release|Any CPU
		583efca7-03b9-4c0b-a5ed-a45929e75065.Debug|Any CPU.ActiveCfg = Debug|Any CPU
		583efca7-03b9-4c0b-a5ed-a45929e75065.Debug|Any CPU.Build.0 = Debug|Any CPU
		583efca7-03b9-4c0b-a5ed-a45929e75065.Release|Any CPU.ActiveCfg = Release|Any CPU
		583efca7-03b9-4c0b-a5ed-a45929e75065.Release|Any CPU.Build.0 = Release|Any CPU
		36e5f32a-c203-4c7a-85f7-d8910077ea09.Debug|Any CPU.ActiveCfg = Debug|Any CPU
		36e5f32a-c203-4c7a-85f7-d8910077ea09.Debug|Any CPU.Build.0 = Debug|Any CPU
		36e5f32a-c203-4c7a-85f7-d8910077ea09.Release|Any CPU.ActiveCfg = Release|Any CPU
		36e5f32a-c203-4c7a-85f7-d8910077ea09.Release|Any CPU.Build.0 = Release|Any CPU
	EndGlobalSection
	GlobalSection(SolutionProperties) = preSolution
		HideSolutionNode = FALSE
	EndGlobalSection
EndGlobal
